PODS:
  - AEXML (4.6.0)
  - Alamofire (5.4.0)

DEPENDENCIES:
  - AEXML (from `https://github.com/tadija/AEXML.git`, branch `master`)
  - Alamofire (from `https://github.com/Alamofire/Alamofire.git`, branch `master`)

EXTERNAL SOURCES:
  AEXML:
    :branch: master
    :git: https://github.com/tadija/AEXML.git
  Alamofire:
    :branch: master
    :git: https://github.com/Alamofire/Alamofire.git

CHECKOUT OPTIONS:
  AEXML:
    :commit: 502c4d43a6cc9c395d19111e09dc62ad834977b5
    :git: https://github.com/tadija/AEXML.git
  Alamofire:
    :commit: 9e0328127dfb801cefe8ac53a13c0c90a7770448
    :git: https://github.com/Alamofire/Alamofire.git

SPEC CHECKSUMS:
  AEXML: 2fbb73d8724797ed2cde888731e176fa4d44dd83
  Alamofire: 3b6a534a3df22db367e4dedeeca73d1ddfcf0e2f

PODFILE CHECKSUM: 22452c345423977a0b0b5ef3e8cfa897b07f1efc

COCOAPODS: 1.9.3
